// !$*UTF8*$!
{
	archiveVersion = 1;
	classes = {
	};
	objectVersion = 46;
	objects = {

/* Begin PBXBuildFile section */
		241F38911C8AF38800CDCE14 /* WorkingContextProvider.h in Headers */ = {isa = PBXBuildFile; fileRef = 241F38901C8AF38800CDCE14 /* WorkingContextProvider.h */; settings = {ATTRIBUTES = (Public, ); }; };
		241F38C51C8AF58200CDCE14 /* WorkingContextProvider.h in Headers */ = {isa = PBXBuildFile; fileRef = 241F38901C8AF38800CDCE14 /* WorkingContextProvider.h */; settings = {ATTRIBUTES = (Public, ); }; };
		241F38CF1C8AF58500CDCE14 /* WorkingContextProvider.h in Headers */ = {isa = PBXBuildFile; fileRef = 241F38901C8AF38800CDCE14 /* WorkingContextProvider.h */; settings = {ATTRIBUTES = (Public, ); }; };
		241F38D61C8AF63A00CDCE14 /* WorkingContextProvider.swift in Sources */ = {isa = PBXBuildFile; fileRef = 241F38D51C8AF63A00CDCE14 /* WorkingContextProvider.swift */; };
		241F38D71C8AF63A00CDCE14 /* WorkingContextProvider.swift in Sources */ = {isa = PBXBuildFile; fileRef = 241F38D51C8AF63A00CDCE14 /* WorkingContextProvider.swift */; };
		241F38D81C8AF63A00CDCE14 /* WorkingContextProvider.swift in Sources */ = {isa = PBXBuildFile; fileRef = 241F38D51C8AF63A00CDCE14 /* WorkingContextProvider.swift */; };
/* End PBXBuildFile section */

/* Begin PBXFileReference section */
		241F388D1C8AF38800CDCE14 /* WorkingContextProvider.framework */ = {isa = PBXFileReference; explicitFileType = wrapper.framework; includeInIndex = 0; path = WorkingContextProvider.framework; sourceTree = BUILT_PRODUCTS_DIR; };
		241F38901C8AF38800CDCE14 /* WorkingContextProvider.h */ = {isa = PBXFileReference; lastKnownFileType = sourcecode.c.h; path = WorkingContextProvider.h; sourceTree = "<group>"; };
		241F38921C8AF38800CDCE14 /* Info.plist */ = {isa = PBXFileReference; lastKnownFileType = text.plist.xml; path = Info.plist; sourceTree = "<group>"; };
		241F38991C8AF46100CDCE14 /* .gitignore */ = {isa = PBXFileReference; lastKnownFileType = text; path = .gitignore; sourceTree = "<group>"; };
		241F389A1C8AF46100CDCE14 /* Application.xcconfig */ = {isa = PBXFileReference; lastKnownFileType = text.xcconfig; path = Application.xcconfig; sourceTree = "<group>"; };
		241F389B1C8AF46100CDCE14 /* Debug.xcconfig */ = {isa = PBXFileReference; lastKnownFileType = text.xcconfig; path = Debug.xcconfig; sourceTree = "<group>"; };
		241F389C1C8AF46100CDCE14 /* Extension.xcconfig */ = {isa = PBXFileReference; lastKnownFileType = text.xcconfig; path = Extension.xcconfig; sourceTree = "<group>"; };
		241F389D1C8AF46100CDCE14 /* Framework.xcconfig */ = {isa = PBXFileReference; lastKnownFileType = text.xcconfig; path = Framework.xcconfig; sourceTree = "<group>"; };
		241F389E1C8AF46100CDCE14 /* generate-version.sh */ = {isa = PBXFileReference; lastKnownFileType = text.script.sh; path = "generate-version.sh"; sourceTree = "<group>"; };
		241F38A01C8AF46100CDCE14 /* iOS Application.xcconfig */ = {isa = PBXFileReference; lastKnownFileType = text.xcconfig; path = "iOS Application.xcconfig"; sourceTree = "<group>"; };
		241F38A11C8AF46100CDCE14 /* iOS Bundle.xcconfig */ = {isa = PBXFileReference; lastKnownFileType = text.xcconfig; path = "iOS Bundle.xcconfig"; sourceTree = "<group>"; };
		241F38A21C8AF46100CDCE14 /* iOS Extension.xcconfig */ = {isa = PBXFileReference; lastKnownFileType = text.xcconfig; path = "iOS Extension.xcconfig"; sourceTree = "<group>"; };
		241F38A31C8AF46100CDCE14 /* iOS Framework.xcconfig */ = {isa = PBXFileReference; lastKnownFileType = text.xcconfig; path = "iOS Framework.xcconfig"; sourceTree = "<group>"; };
		241F38A41C8AF46100CDCE14 /* iOS Static Library.xcconfig */ = {isa = PBXFileReference; lastKnownFileType = text.xcconfig; path = "iOS Static Library.xcconfig"; sourceTree = "<group>"; };
		241F38A51C8AF46100CDCE14 /* iOS Tests.xcconfig */ = {isa = PBXFileReference; lastKnownFileType = text.xcconfig; path = "iOS Tests.xcconfig"; sourceTree = "<group>"; };
		241F38A61C8AF46100CDCE14 /* iOS UI Tests.xcconfig */ = {isa = PBXFileReference; lastKnownFileType = text.xcconfig; path = "iOS UI Tests.xcconfig"; sourceTree = "<group>"; };
		241F38A71C8AF46100CDCE14 /* iOS.xcconfig */ = {isa = PBXFileReference; lastKnownFileType = text.xcconfig; path = iOS.xcconfig; sourceTree = "<group>"; };
		241F38A91C8AF46100CDCE14 /* OS X Application.xcconfig */ = {isa = PBXFileReference; lastKnownFileType = text.xcconfig; path = "OS X Application.xcconfig"; sourceTree = "<group>"; };
		241F38AA1C8AF46100CDCE14 /* OS X Extension.xcconfig */ = {isa = PBXFileReference; lastKnownFileType = text.xcconfig; path = "OS X Extension.xcconfig"; sourceTree = "<group>"; };
		241F38AB1C8AF46100CDCE14 /* OS X Framework.xcconfig */ = {isa = PBXFileReference; lastKnownFileType = text.xcconfig; path = "OS X Framework.xcconfig"; sourceTree = "<group>"; };
		241F38AC1C8AF46100CDCE14 /* OS X Tests.xcconfig */ = {isa = PBXFileReference; lastKnownFileType = text.xcconfig; path = "OS X Tests.xcconfig"; sourceTree = "<group>"; };
		241F38AD1C8AF46100CDCE14 /* OS X UI Tests.xcconfig */ = {isa = PBXFileReference; lastKnownFileType = text.xcconfig; path = "OS X UI Tests.xcconfig"; sourceTree = "<group>"; };
		241F38AE1C8AF46100CDCE14 /* OS X.xcconfig */ = {isa = PBXFileReference; lastKnownFileType = text.xcconfig; path = "OS X.xcconfig"; sourceTree = "<group>"; };
		241F38AF1C8AF46100CDCE14 /* Release.xcconfig */ = {isa = PBXFileReference; lastKnownFileType = text.xcconfig; path = Release.xcconfig; sourceTree = "<group>"; };
		241F38B01C8AF46100CDCE14 /* Shared.xcconfig */ = {isa = PBXFileReference; lastKnownFileType = text.xcconfig; path = Shared.xcconfig; sourceTree = "<group>"; };
		241F38B11C8AF46100CDCE14 /* Tests.xcconfig */ = {isa = PBXFileReference; lastKnownFileType = text.xcconfig; path = Tests.xcconfig; sourceTree = "<group>"; };
		241F38B31C8AF46100CDCE14 /* tvOS Application.xcconfig */ = {isa = PBXFileReference; lastKnownFileType = text.xcconfig; path = "tvOS Application.xcconfig"; sourceTree = "<group>"; };
		241F38B41C8AF46100CDCE14 /* tvOS Extension.xcconfig */ = {isa = PBXFileReference; lastKnownFileType = text.xcconfig; path = "tvOS Extension.xcconfig"; sourceTree = "<group>"; };
		241F38B51C8AF46100CDCE14 /* tvOS Framework.xcconfig */ = {isa = PBXFileReference; lastKnownFileType = text.xcconfig; path = "tvOS Framework.xcconfig"; sourceTree = "<group>"; };
		241F38B61C8AF46100CDCE14 /* tvOS Tests.xcconfig */ = {isa = PBXFileReference; lastKnownFileType = text.xcconfig; path = "tvOS Tests.xcconfig"; sourceTree = "<group>"; };
		241F38B71C8AF46100CDCE14 /* tvOS UI Tests.xcconfig */ = {isa = PBXFileReference; lastKnownFileType = text.xcconfig; path = "tvOS UI Tests.xcconfig"; sourceTree = "<group>"; };
		241F38B81C8AF46100CDCE14 /* tvOS.xcconfig */ = {isa = PBXFileReference; lastKnownFileType = text.xcconfig; path = tvOS.xcconfig; sourceTree = "<group>"; };
		241F38B91C8AF46100CDCE14 /* UI Tests.xcconfig */ = {isa = PBXFileReference; lastKnownFileType = text.xcconfig; path = "UI Tests.xcconfig"; sourceTree = "<group>"; };
		241F38BA1C8AF46100CDCE14 /* update.sh */ = {isa = PBXFileReference; lastKnownFileType = text.script.sh; path = update.sh; sourceTree = "<group>"; };
		241F38BC1C8AF46100CDCE14 /* watchOS Application.xcconfig */ = {isa = PBXFileReference; lastKnownFileType = text.xcconfig; path = "watchOS Application.xcconfig"; sourceTree = "<group>"; };
		241F38BD1C8AF46100CDCE14 /* watchOS Extension.xcconfig */ = {isa = PBXFileReference; lastKnownFileType = text.xcconfig; path = "watchOS Extension.xcconfig"; sourceTree = "<group>"; };
		241F38BE1C8AF46100CDCE14 /* watchOS Framework.xcconfig */ = {isa = PBXFileReference; lastKnownFileType = text.xcconfig; path = "watchOS Framework.xcconfig"; sourceTree = "<group>"; };
		241F38BF1C8AF46100CDCE14 /* watchOS.xcconfig */ = {isa = PBXFileReference; lastKnownFileType = text.xcconfig; path = watchOS.xcconfig; sourceTree = "<group>"; };
		241F38CA1C8AF58200CDCE14 /* WorkingContextProvider.framework */ = {isa = PBXFileReference; explicitFileType = wrapper.framework; includeInIndex = 0; path = WorkingContextProvider.framework; sourceTree = BUILT_PRODUCTS_DIR; };
		241F38D41C8AF58500CDCE14 /* WorkingContextProvider.framework */ = {isa = PBXFileReference; explicitFileType = wrapper.framework; includeInIndex = 0; path = WorkingContextProvider.framework; sourceTree = BUILT_PRODUCTS_DIR; };
		241F38D51C8AF63A00CDCE14 /* WorkingContextProvider.swift */ = {isa = PBXFileReference; fileEncoding = 4; lastKnownFileType = sourcecode.swift; path = WorkingContextProvider.swift; sourceTree = "<group>"; };
/* End PBXFileReference section */

/* Begin PBXFrameworksBuildPhase section */
		241F38891C8AF38800CDCE14 /* Frameworks */ = {
			isa = PBXFrameworksBuildPhase;
			buildActionMask = 2147483647;
			files = (
			);
			runOnlyForDeploymentPostprocessing = 0;
		};
		241F38C31C8AF58200CDCE14 /* Frameworks */ = {
			isa = PBXFrameworksBuildPhase;
			buildActionMask = 2147483647;
			files = (
			);
			runOnlyForDeploymentPostprocessing = 0;
		};
		241F38CD1C8AF58500CDCE14 /* Frameworks */ = {
			isa = PBXFrameworksBuildPhase;
			buildActionMask = 2147483647;
			files = (
			);
			runOnlyForDeploymentPostprocessing = 0;
		};
/* End PBXFrameworksBuildPhase section */

/* Begin PBXGroup section */
		241F38831C8AF38800CDCE14 = {
			isa = PBXGroup;
			children = (
				241F388F1C8AF38800CDCE14 /* WorkingContextProvider */,
				241F38981C8AF46100CDCE14 /* Configurations */,
				241F388E1C8AF38800CDCE14 /* Products */,
			);
			sourceTree = "<group>";
		};
		241F388E1C8AF38800CDCE14 /* Products */ = {
			isa = PBXGroup;
			children = (
				241F388D1C8AF38800CDCE14 /* WorkingContextProvider.framework */,
				241F38CA1C8AF58200CDCE14 /* WorkingContextProvider.framework */,
				241F38D41C8AF58500CDCE14 /* WorkingContextProvider.framework */,
			);
			name = Products;
			sourceTree = "<group>";
		};
		241F388F1C8AF38800CDCE14 /* WorkingContextProvider */ = {
			isa = PBXGroup;
			children = (
				241F38901C8AF38800CDCE14 /* WorkingContextProvider.h */,
				241F38D51C8AF63A00CDCE14 /* WorkingContextProvider.swift */,
				241F38921C8AF38800CDCE14 /* Info.plist */,
			);
			path = WorkingContextProvider;
			sourceTree = "<group>";
		};
		241F38981C8AF46100CDCE14 /* Configurations */ = {
			isa = PBXGroup;
			children = (
				241F38991C8AF46100CDCE14 /* .gitignore */,
				241F389A1C8AF46100CDCE14 /* Application.xcconfig */,
				241F389B1C8AF46100CDCE14 /* Debug.xcconfig */,
				241F389C1C8AF46100CDCE14 /* Extension.xcconfig */,
				241F389D1C8AF46100CDCE14 /* Framework.xcconfig */,
				241F389E1C8AF46100CDCE14 /* generate-version.sh */,
				241F389F1C8AF46100CDCE14 /* iOS */,
				241F38A81C8AF46100CDCE14 /* OS X */,
				241F38AF1C8AF46100CDCE14 /* Release.xcconfig */,
				241F38B01C8AF46100CDCE14 /* Shared.xcconfig */,
				241F38B11C8AF46100CDCE14 /* Tests.xcconfig */,
				241F38B21C8AF46100CDCE14 /* tvOS */,
				241F38B91C8AF46100CDCE14 /* UI Tests.xcconfig */,
				241F38BA1C8AF46100CDCE14 /* update.sh */,
				241F38BB1C8AF46100CDCE14 /* watchOS */,
			);
			path = Configurations;
			sourceTree = "<group>";
		};
		241F389F1C8AF46100CDCE14 /* iOS */ = {
			isa = PBXGroup;
			children = (
				241F38A01C8AF46100CDCE14 /* iOS Application.xcconfig */,
				241F38A11C8AF46100CDCE14 /* iOS Bundle.xcconfig */,
				241F38A21C8AF46100CDCE14 /* iOS Extension.xcconfig */,
				241F38A31C8AF46100CDCE14 /* iOS Framework.xcconfig */,
				241F38A41C8AF46100CDCE14 /* iOS Static Library.xcconfig */,
				241F38A51C8AF46100CDCE14 /* iOS Tests.xcconfig */,
				241F38A61C8AF46100CDCE14 /* iOS UI Tests.xcconfig */,
				241F38A71C8AF46100CDCE14 /* iOS.xcconfig */,
			);
			path = iOS;
			sourceTree = "<group>";
		};
		241F38A81C8AF46100CDCE14 /* OS X */ = {
			isa = PBXGroup;
			children = (
				241F38A91C8AF46100CDCE14 /* OS X Application.xcconfig */,
				241F38AA1C8AF46100CDCE14 /* OS X Extension.xcconfig */,
				241F38AB1C8AF46100CDCE14 /* OS X Framework.xcconfig */,
				241F38AC1C8AF46100CDCE14 /* OS X Tests.xcconfig */,
				241F38AD1C8AF46100CDCE14 /* OS X UI Tests.xcconfig */,
				241F38AE1C8AF46100CDCE14 /* OS X.xcconfig */,
			);
			path = "OS X";
			sourceTree = "<group>";
		};
		241F38B21C8AF46100CDCE14 /* tvOS */ = {
			isa = PBXGroup;
			children = (
				241F38B31C8AF46100CDCE14 /* tvOS Application.xcconfig */,
				241F38B41C8AF46100CDCE14 /* tvOS Extension.xcconfig */,
				241F38B51C8AF46100CDCE14 /* tvOS Framework.xcconfig */,
				241F38B61C8AF46100CDCE14 /* tvOS Tests.xcconfig */,
				241F38B71C8AF46100CDCE14 /* tvOS UI Tests.xcconfig */,
				241F38B81C8AF46100CDCE14 /* tvOS.xcconfig */,
			);
			path = tvOS;
			sourceTree = "<group>";
		};
		241F38BB1C8AF46100CDCE14 /* watchOS */ = {
			isa = PBXGroup;
			children = (
				241F38BC1C8AF46100CDCE14 /* watchOS Application.xcconfig */,
				241F38BD1C8AF46100CDCE14 /* watchOS Extension.xcconfig */,
				241F38BE1C8AF46100CDCE14 /* watchOS Framework.xcconfig */,
				241F38BF1C8AF46100CDCE14 /* watchOS.xcconfig */,
			);
			path = watchOS;
			sourceTree = "<group>";
		};
/* End PBXGroup section */

/* Begin PBXHeadersBuildPhase section */
		241F388A1C8AF38800CDCE14 /* Headers */ = {
			isa = PBXHeadersBuildPhase;
			buildActionMask = 2147483647;
			files = (
				241F38911C8AF38800CDCE14 /* WorkingContextProvider.h in Headers */,
			);
			runOnlyForDeploymentPostprocessing = 0;
		};
		241F38C41C8AF58200CDCE14 /* Headers */ = {
			isa = PBXHeadersBuildPhase;
			buildActionMask = 2147483647;
			files = (
				241F38C51C8AF58200CDCE14 /* WorkingContextProvider.h in Headers */,
			);
			runOnlyForDeploymentPostprocessing = 0;
		};
		241F38CE1C8AF58500CDCE14 /* Headers */ = {
			isa = PBXHeadersBuildPhase;
			buildActionMask = 2147483647;
			files = (
				241F38CF1C8AF58500CDCE14 /* WorkingContextProvider.h in Headers */,
			);
			runOnlyForDeploymentPostprocessing = 0;
		};
/* End PBXHeadersBuildPhase section */

/* Begin PBXNativeTarget section */
		241F388C1C8AF38800CDCE14 /* WorkingContextProvider iOS */ = {
			isa = PBXNativeTarget;
			buildConfigurationList = 241F38951C8AF38800CDCE14 /* Build configuration list for PBXNativeTarget "WorkingContextProvider iOS" */;
			buildPhases = (
				241F38881C8AF38800CDCE14 /* Sources */,
				241F38891C8AF38800CDCE14 /* Frameworks */,
				241F388A1C8AF38800CDCE14 /* Headers */,
				241F388B1C8AF38800CDCE14 /* Resources */,
			);
			buildRules = (
			);
			dependencies = (
			);
			name = "WorkingContextProvider iOS";
			productName = WorkingContextProvider;
			productReference = 241F388D1C8AF38800CDCE14 /* WorkingContextProvider.framework */;
			productType = "com.apple.product-type.framework";
		};
		241F38C11C8AF58200CDCE14 /* WorkingContextProvider OS X */ = {
			isa = PBXNativeTarget;
			buildConfigurationList = 241F38C71C8AF58200CDCE14 /* Build configuration list for PBXNativeTarget "WorkingContextProvider OS X" */;
			buildPhases = (
				241F38C21C8AF58200CDCE14 /* Sources */,
				241F38C31C8AF58200CDCE14 /* Frameworks */,
				241F38C41C8AF58200CDCE14 /* Headers */,
				241F38C61C8AF58200CDCE14 /* Resources */,
			);
			buildRules = (
			);
			dependencies = (
			);
			name = "WorkingContextProvider OS X";
			productName = WorkingContextProvider;
			productReference = 241F38CA1C8AF58200CDCE14 /* WorkingContextProvider.framework */;
			productType = "com.apple.product-type.framework";
		};
		241F38CB1C8AF58500CDCE14 /* WorkingContextProvider tvOS */ = {
			isa = PBXNativeTarget;
			buildConfigurationList = 241F38D11C8AF58500CDCE14 /* Build configuration list for PBXNativeTarget "WorkingContextProvider tvOS" */;
			buildPhases = (
				241F38CC1C8AF58500CDCE14 /* Sources */,
				241F38CD1C8AF58500CDCE14 /* Frameworks */,
				241F38CE1C8AF58500CDCE14 /* Headers */,
				241F38D01C8AF58500CDCE14 /* Resources */,
			);
			buildRules = (
			);
			dependencies = (
			);
			name = "WorkingContextProvider tvOS";
			productName = WorkingContextProvider;
			productReference = 241F38D41C8AF58500CDCE14 /* WorkingContextProvider.framework */;
			productType = "com.apple.product-type.framework";
		};
/* End PBXNativeTarget section */

/* Begin PBXProject section */
		241F38841C8AF38800CDCE14 /* Project object */ = {
			isa = PBXProject;
			attributes = {
				LastUpgradeCheck = 0720;
				ORGANIZATIONNAME = "Daniel Tull";
				TargetAttributes = {
					241F388C1C8AF38800CDCE14 = {
						CreatedOnToolsVersion = 7.2.1;
					};
				};
			};
			buildConfigurationList = 241F38871C8AF38800CDCE14 /* Build configuration list for PBXProject "WorkingContextProvider" */;
			compatibilityVersion = "Xcode 3.2";
			developmentRegion = English;
			hasScannedForEncodings = 0;
			knownRegions = (
				en,
			);
			mainGroup = 241F38831C8AF38800CDCE14;
			productRefGroup = 241F388E1C8AF38800CDCE14 /* Products */;
			projectDirPath = "";
			projectRoot = "";
			targets = (
				241F388C1C8AF38800CDCE14 /* WorkingContextProvider iOS */,
				241F38C11C8AF58200CDCE14 /* WorkingContextProvider OS X */,
				241F38CB1C8AF58500CDCE14 /* WorkingContextProvider tvOS */,
			);
		};
/* End PBXProject section */

/* Begin PBXResourcesBuildPhase section */
		241F388B1C8AF38800CDCE14 /* Resources */ = {
			isa = PBXResourcesBuildPhase;
			buildActionMask = 2147483647;
			files = (
			);
			runOnlyForDeploymentPostprocessing = 0;
		};
		241F38C61C8AF58200CDCE14 /* Resources */ = {
			isa = PBXResourcesBuildPhase;
			buildActionMask = 2147483647;
			files = (
			);
			runOnlyForDeploymentPostprocessing = 0;
		};
		241F38D01C8AF58500CDCE14 /* Resources */ = {
			isa = PBXResourcesBuildPhase;
			buildActionMask = 2147483647;
			files = (
			);
			runOnlyForDeploymentPostprocessing = 0;
		};
/* End PBXResourcesBuildPhase section */

/* Begin PBXSourcesBuildPhase section */
		241F38881C8AF38800CDCE14 /* Sources */ = {
			isa = PBXSourcesBuildPhase;
			buildActionMask = 2147483647;
			files = (
				241F38D61C8AF63A00CDCE14 /* WorkingContextProvider.swift in Sources */,
			);
			runOnlyForDeploymentPostprocessing = 0;
		};
		241F38C21C8AF58200CDCE14 /* Sources */ = {
			isa = PBXSourcesBuildPhase;
			buildActionMask = 2147483647;
			files = (
				241F38D71C8AF63A00CDCE14 /* WorkingContextProvider.swift in Sources */,
			);
			runOnlyForDeploymentPostprocessing = 0;
		};
		241F38CC1C8AF58500CDCE14 /* Sources */ = {
			isa = PBXSourcesBuildPhase;
			buildActionMask = 2147483647;
			files = (
				241F38D81C8AF63A00CDCE14 /* WorkingContextProvider.swift in Sources */,
			);
			runOnlyForDeploymentPostprocessing = 0;
		};
/* End PBXSourcesBuildPhase section */

/* Begin XCBuildConfiguration section */
		241F38931C8AF38800CDCE14 /* Debug */ = {
			isa = XCBuildConfiguration;
			baseConfigurationReference = 241F389B1C8AF46100CDCE14 /* Debug.xcconfig */;
			buildSettings = {
				CURRENT_PROJECT_VERSION = 1;
				PRODUCT_BUNDLE_IDENTIFIER = "uk.co.danieltull.${PRODUCT_NAME:rfc1034identifier}";
			};
			name = Debug;
		};
		241F38941C8AF38800CDCE14 /* Release */ = {
			isa = XCBuildConfiguration;
			baseConfigurationReference = 241F38AF1C8AF46100CDCE14 /* Release.xcconfig */;
			buildSettings = {
				CURRENT_PROJECT_VERSION = 1;
				PRODUCT_BUNDLE_IDENTIFIER = "uk.co.danieltull.${PRODUCT_NAME:rfc1034identifier}";
			};
			name = Release;
		};
		241F38961C8AF38800CDCE14 /* Debug */ = {
			isa = XCBuildConfiguration;
			baseConfigurationReference = 241F38A31C8AF46100CDCE14 /* iOS Framework.xcconfig */;
			buildSettings = {
				PRODUCT_NAME = WorkingContextProvider;
			};
			name = Debug;
		};
		241F38971C8AF38800CDCE14 /* Release */ = {
			isa = XCBuildConfiguration;
			baseConfigurationReference = 241F38A31C8AF46100CDCE14 /* iOS Framework.xcconfig */;
			buildSettings = {
				PRODUCT_NAME = WorkingContextProvider;
			};
			name = Release;
		};
		241F38C81C8AF58200CDCE14 /* Debug */ = {
			isa = XCBuildConfiguration;
			baseConfigurationReference = 241F38AB1C8AF46100CDCE14 /* OS X Framework.xcconfig */;
			buildSettings = {
				PRODUCT_NAME = WorkingContextProvider;
			};
			name = Debug;
		};
		241F38C91C8AF58200CDCE14 /* Release */ = {
			isa = XCBuildConfiguration;
			baseConfigurationReference = 241F38AB1C8AF46100CDCE14 /* OS X Framework.xcconfig */;
			buildSettings = {
				PRODUCT_NAME = WorkingContextProvider;
			};
			name = Release;
		};
		241F38D21C8AF58500CDCE14 /* Debug */ = {
			isa = XCBuildConfiguration;
			baseConfigurationReference = 241F38B51C8AF46100CDCE14 /* tvOS Framework.xcconfig */;
			buildSettings = {
				PRODUCT_NAME = WorkingContextProvider;
			};
			name = Debug;
		};
		241F38D31C8AF58500CDCE14 /* Release */ = {
			isa = XCBuildConfiguration;
			baseConfigurationReference = 241F38B51C8AF46100CDCE14 /* tvOS Framework.xcconfig */;
			buildSettings = {
				PRODUCT_NAME = WorkingContextProvider;
			};
			name = Release;
		};
/* End XCBuildConfiguration section */

/* Begin XCConfigurationList section */
		241F38871C8AF38800CDCE14 /* Build configuration list for PBXProject "WorkingContextProvider" */ = {
			isa = XCConfigurationList;
			buildConfigurations = (
				241F38931C8AF38800CDCE14 /* Debug */,
				241F38941C8AF38800CDCE14 /* Release */,
			);
			defaultConfigurationIsVisible = 0;
			defaultConfigurationName = Release;
		};
		241F38951C8AF38800CDCE14 /* Build configuration list for PBXNativeTarget "WorkingContextProvider iOS" */ = {
			isa = XCConfigurationList;
			buildConfigurations = (
				241F38961C8AF38800CDCE14 /* Debug */,
				241F38971C8AF38800CDCE14 /* Release */,
			);
			defaultConfigurationIsVisible = 0;
			defaultConfigurationName = Release;
		};
		241F38C71C8AF58200CDCE14 /* Build configuration list for PBXNativeTarget "WorkingContextProvider OS X" */ = {
			isa = XCConfigurationList;
			buildConfigurations = (
				241F38C81C8AF58200CDCE14 /* Debug */,
				241F38C91C8AF58200CDCE14 /* Release */,
			);
			defaultConfigurationIsVisible = 0;
			defaultConfigurationName = Release;
		};
		241F38D11C8AF58500CDCE14 /* Build configuration list for PBXNativeTarget "WorkingContextProvider tvOS" */ = {
			isa = XCConfigurationList;
			buildConfigurations = (
				241F38D21C8AF58500CDCE14 /* Debug */,
				241F38D31C8AF58500CDCE14 /* Release */,
			);
			defaultConfigurationIsVisible = 0;
			defaultConfigurationName = Release;
		};
/* End XCConfigurationList section */
	};
	rootObject = 241F38841C8AF38800CDCE14 /* Project object */;
}
